// !$*UTF8*$!
{
	archiveVersion = 1;
	classes = {
	};
	objectVersion = 46;
	objects = {

/* Begin PBXBuildFile section */
		0BC7C9941BE6BE5900604390 /* main.m in Sources */ = {isa = PBXBuildFile; fileRef = 0BC7C9931BE6BE5900604390 /* main.m */; };
		0BC7C9971BE6BE5900604390 /* AppDelegate.m in Sources */ = {isa = PBXBuildFile; fileRef = 0BC7C9961BE6BE5900604390 /* AppDelegate.m */; };
		0BC7C99A1BE6BE5900604390 /* ViewController.m in Sources */ = {isa = PBXBuildFile; fileRef = 0BC7C9991BE6BE5900604390 /* ViewController.m */; };
		0BC7C99D1BE6BE5900604390 /* Main.storyboard in Resources */ = {isa = PBXBuildFile; fileRef = 0BC7C99B1BE6BE5900604390 /* Main.storyboard */; };
		0BC7C99F1BE6BE5900604390 /* Images.xcassets in Resources */ = {isa = PBXBuildFile; fileRef = 0BC7C99E1BE6BE5900604390 /* Images.xcassets */; };
		0BC7C9A21BE6BE5900604390 /* LaunchScreen.xib in Resources */ = {isa = PBXBuildFile; fileRef = 0BC7C9A01BE6BE5900604390 /* LaunchScreen.xib */; };
		0BC7C9AE1BE6BE5A00604390 /* Practice_GCDTests.m in Sources */ = {isa = PBXBuildFile; fileRef = 0BC7C9AD1BE6BE5A00604390 /* Practice_GCDTests.m */; };
/* End PBXBuildFile section */

/* Begin PBXContainerItemProxy section */
		0BC7C9A81BE6BE5A00604390 /* PBXContainerItemProxy */ = {
			isa = PBXContainerItemProxy;
			containerPortal = 0BC7C9861BE6BE5900604390 /* Project object */;
			proxyType = 1;
			remoteGlobalIDString = 0BC7C98D1BE6BE5900604390;
			remoteInfo = "Practice-GCD";
		};
/* End PBXContainerItemProxy section */

/* Begin PBXFileReference section */
		0BC7C98E1BE6BE5900604390 /* Practice-GCD.app */ = {isa = PBXFileReference; explicitFileType = wrapper.application; includeInIndex = 0; path = "Practice-GCD.app"; sourceTree = BUILT_PRODUCTS_DIR; };
		0BC7C9921BE6BE5900604390 /* Info.plist */ = {isa = PBXFileReference; lastKnownFileType = text.plist.xml; path = Info.plist; sourceTree = "<group>"; };
		0BC7C9931BE6BE5900604390 /* main.m */ = {isa = PBXFileReference; lastKnownFileType = sourcecode.c.objc; path = main.m; sourceTree = "<group>"; };
		0BC7C9951BE6BE5900604390 /* AppDelegate.h */ = {isa = PBXFileReference; lastKnownFileType = sourcecode.c.h; path = AppDelegate.h; sourceTree = "<group>"; };
		0BC7C9961BE6BE5900604390 /* AppDelegate.m */ = {isa = PBXFileReference; lastKnownFileType = sourcecode.c.objc; path = AppDelegate.m; sourceTree = "<group>"; };
		0BC7C9981BE6BE5900604390 /* ViewController.h */ = {isa = PBXFileReference; lastKnownFileType = sourcecode.c.h; path = ViewController.h; sourceTree = "<group>"; };
		0BC7C9991BE6BE5900604390 /* ViewController.m */ = {isa = PBXFileReference; lastKnownFileType = sourcecode.c.objc; path = ViewController.m; sourceTree = "<group>"; };
		0BC7C99C1BE6BE5900604390 /* Base */ = {isa = PBXFileReference; lastKnownFileType = file.storyboard; name = Base; path = Base.lproj/Main.storyboard; sourceTree = "<group>"; };
		0BC7C99E1BE6BE5900604390 /* Images.xcassets */ = {isa = PBXFileReference; lastKnownFileType = folder.assetcatalog; path = Images.xcassets; sourceTree = "<group>"; };
		0BC7C9A11BE6BE5900604390 /* Base */ = {isa = PBXFileReference; lastKnownFileType = file.xib; name = Base; path = Base.lproj/LaunchScreen.xib; sourceTree = "<group>"; };
		0BC7C9A71BE6BE5A00604390 /* Practice-GCDTests.xctest */ = {isa = PBXFileReference; explicitFileType = wrapper.cfbundle; includeInIndex = 0; path = "Practice-GCDTests.xctest"; sourceTree = BUILT_PRODUCTS_DIR; };
		0BC7C9AC1BE6BE5A00604390 /* Info.plist */ = {isa = PBXFileReference; lastKnownFileType = text.plist.xml; path = Info.plist; sourceTree = "<group>"; };
		0BC7C9AD1BE6BE5A00604390 /* Practice_GCDTests.m */ = {isa = PBXFileReference; lastKnownFileType = sourcecode.c.objc; path = Practice_GCDTests.m; sourceTree = "<group>"; };
/* End PBXFileReference section */

/* Begin PBXFrameworksBuildPhase section */
		0BC7C98B1BE6BE5900604390 /* Frameworks */ = {
			isa = PBXFrameworksBuildPhase;
			buildActionMask = 2147483647;
			files = (
			);
			runOnlyForDeploymentPostprocessing = 0;
		};
		0BC7C9A41BE6BE5A00604390 /* Frameworks */ = {
			isa = PBXFrameworksBuildPhase;
			buildActionMask = 2147483647;
			files = (
			);
			runOnlyForDeploymentPostprocessing = 0;
		};
/* End PBXFrameworksBuildPhase section */

/* Begin PBXGroup section */
		0BC7C9851BE6BE5900604390 = {
			isa = PBXGroup;
			children = (
				0BC7C9901BE6BE5900604390 /* Practice-GCD */,
				0BC7C9AA1BE6BE5A00604390 /* Practice-GCDTests */,
				0BC7C98F1BE6BE5900604390 /* Products */,
			);
			sourceTree = "<group>";
		};
		0BC7C98F1BE6BE5900604390 /* Products */ = {
			isa = PBXGroup;
			children = (
				0BC7C98E1BE6BE5900604390 /* Practice-GCD.app */,
				0BC7C9A71BE6BE5A00604390 /* Practice-GCDTests.xctest */,
			);
			name = Products;
			sourceTree = "<group>";
		};
		0BC7C9901BE6BE5900604390 /* Practice-GCD */ = {
			isa = PBXGroup;
			children = (
				0BC7C9951BE6BE5900604390 /* AppDelegate.h */,
				0BC7C9961BE6BE5900604390 /* AppDelegate.m */,
				0BC7C9981BE6BE5900604390 /* ViewController.h */,
				0BC7C9991BE6BE5900604390 /* ViewController.m */,
				0BC7C99B1BE6BE5900604390 /* Main.storyboard */,
				0BC7C99E1BE6BE5900604390 /* Images.xcassets */,
				0BC7C9A01BE6BE5900604390 /* LaunchScreen.xib */,
				0BC7C9911BE6BE5900604390 /* Supporting Files */,
			);
			path = "Practice-GCD";
			sourceTree = "<group>";
		};
		0BC7C9911BE6BE5900604390 /* Supporting Files */ = {
			isa = PBXGroup;
			children = (
				0BC7C9921BE6BE5900604390 /* Info.plist */,
				0BC7C9931BE6BE5900604390 /* main.m */,
			);
			name = "Supporting Files";
			sourceTree = "<group>";
		};
		0BC7C9AA1BE6BE5A00604390 /* Practice-GCDTests */ = {
			isa = PBXGroup;
			children = (
				0BC7C9AD1BE6BE5A00604390 /* Practice_GCDTests.m */,
				0BC7C9AB1BE6BE5A00604390 /* Supporting Files */,
			);
			path = "Practice-GCDTests";
			sourceTree = "<group>";
		};
		0BC7C9AB1BE6BE5A00604390 /* Supporting Files */ = {
			isa = PBXGroup;
			children = (
				0BC7C9AC1BE6BE5A00604390 /* Info.plist */,
			);
			name = "Supporting Files";
			sourceTree = "<group>";
		};
/* End PBXGroup section */

/* Begin PBXNativeTarget section */
		0BC7C98D1BE6BE5900604390 /* Practice-GCD */ = {
			isa = PBXNativeTarget;
			buildConfigurationList = 0BC7C9B11BE6BE5A00604390 /* Build configuration list for PBXNativeTarget "Practice-GCD" */;
			buildPhases = (
				0BC7C98A1BE6BE5900604390 /* Sources */,
				0BC7C98B1BE6BE5900604390 /* Frameworks */,
				0BC7C98C1BE6BE5900604390 /* Resources */,
			);
			buildRules = (
			);
			dependencies = (
			);
			name = "Practice-GCD";
			productName = "Practice-GCD";
			productReference = 0BC7C98E1BE6BE5900604390 /* Practice-GCD.app */;
			productType = "com.apple.product-type.application";
		};
		0BC7C9A61BE6BE5A00604390 /* Practice-GCDTests */ = {
			isa = PBXNativeTarget;
			buildConfigurationList = 0BC7C9B41BE6BE5A00604390 /* Build configuration list for PBXNativeTarget "Practice-GCDTests" */;
			buildPhases = (
				0BC7C9A31BE6BE5A00604390 /* Sources */,
				0BC7C9A41BE6BE5A00604390 /* Frameworks */,
				0BC7C9A51BE6BE5A00604390 /* Resources */,
			);
			buildRules = (
			);
			dependencies = (
				0BC7C9A91BE6BE5A00604390 /* PBXTargetDependency */,
			);
			name = "Practice-GCDTests";
			productName = "Practice-GCDTests";
			productReference = 0BC7C9A71BE6BE5A00604390 /* Practice-GCDTests.xctest */;
			productType = "com.apple.product-type.bundle.unit-test";
		};
/* End PBXNativeTarget section */

/* Begin PBXProject section */
		0BC7C9861BE6BE5900604390 /* Project object */ = {
			isa = PBXProject;
			attributes = {
				LastUpgradeCheck = 0630;
				ORGANIZATIONNAME = com.devilTraining;
				TargetAttributes = {
					0BC7C98D1BE6BE5900604390 = {
						CreatedOnToolsVersion = 6.3;
					};
					0BC7C9A61BE6BE5A00604390 = {
						CreatedOnToolsVersion = 6.3;
						TestTargetID = 0BC7C98D1BE6BE5900604390;
					};
				};
			};
			buildConfigurationList = 0BC7C9891BE6BE5900604390 /* Build configuration list for PBXProject "Practice-GCD" */;
			compatibilityVersion = "Xcode 3.2";
			developmentRegion = English;
			hasScannedForEncodings = 0;
			knownRegions = (
				en,
				Base,
			);
			mainGroup = 0BC7C9851BE6BE5900604390;
			productRefGroup = 0BC7C98F1BE6BE5900604390 /* Products */;
			projectDirPath = "";
			projectRoot = "";
			targets = (
				0BC7C98D1BE6BE5900604390 /* Practice-GCD */,
				0BC7C9A61BE6BE5A00604390 /* Practice-GCDTests */,
			);
		};
/* End PBXProject section */

/* Begin PBXResourcesBuildPhase section */
		0BC7C98C1BE6BE5900604390 /* Resources */ = {
			isa = PBXResourcesBuildPhase;
			buildActionMask = 2147483647;
			files = (
				0BC7C99D1BE6BE5900604390 /* Main.storyboard in Resources */,
				0BC7C9A21BE6BE5900604390 /* LaunchScreen.xib in Resources */,
				0BC7C99F1BE6BE5900604390 /* Images.xcassets in Resources */,
			);
			runOnlyForDeploymentPostprocessing = 0;
		};
		0BC7C9A51BE6BE5A00604390 /* Resources */ = {
			isa = PBXResourcesBuildPhase;
			buildActionMask = 2147483647;
			files = (
			);
			runOnlyForDeploymentPostprocessing = 0;
		};
/* End PBXResourcesBuildPhase section */

/* Begin PBXSourcesBuildPhase section */
		0BC7C98A1BE6BE5900604390 /* Sources */ = {
			isa = PBXSourcesBuildPhase;
			buildActionMask = 2147483647;
			files = (
				0BC7C99A1BE6BE5900604390 /* ViewController.m in Sources */,
				0BC7C9971BE6BE5900604390 /* AppDelegate.m in Sources */,
				0BC7C9941BE6BE5900604390 /* main.m in Sources */,
			);
			runOnlyForDeploymentPostprocessing = 0;
		};
		0BC7C9A31BE6BE5A00604390 /* Sources */ = {
			isa = PBXSourcesBuildPhase;
			buildActionMask = 2147483647;
			files = (
				0BC7C9AE1BE6BE5A00604390 /* Practice_GCDTests.m in Sources */,
			);
			runOnlyForDeploymentPostprocessing = 0;
		};
/* End PBXSourcesBuildPhase section */

/* Begin PBXTargetDependency section */
		0BC7C9A91BE6BE5A00604390 /* PBXTargetDependency */ = {
			isa = PBXTargetDependency;
			target = 0BC7C98D1BE6BE5900604390 /* Practice-GCD */;
			targetProxy = 0BC7C9A81BE6BE5A00604390 /* PBXContainerItemProxy */;
		};
/* End PBXTargetDependency section */

/* Begin PBXVariantGroup section */
		0BC7C99B1BE6BE5900604390 /* Main.storyboard */ = {
			isa = PBXVariantGroup;
			children = (
				0BC7C99C1BE6BE5900604390 /* Base */,
			);
			name = Main.storyboard;
			sourceTree = "<group>";
		};
		0BC7C9A01BE6BE5900604390 /* LaunchScreen.xib */ = {
			isa = PBXVariantGroup;
			children = (
				0BC7C9A11BE6BE5900604390 /* Base */,
			);
			name = LaunchScreen.xib;
			sourceTree = "<group>";
		};
/* End PBXVariantGroup section */

/* Begin XCBuildConfiguration section */
		0BC7C9AF1BE6BE5A00604390 /* Debug */ = {
			isa = XCBuildConfiguration;
			buildSettings = {
				ALWAYS_SEARCH_USER_PATHS = NO;
				CLANG_CXX_LANGUAGE_STANDARD = "gnu++0x";
				CLANG_CXX_LIBRARY = "libc++";
				CLANG_ENABLE_MODULES = YES;
				CLANG_ENABLE_OBJC_ARC = YES;
				CLANG_WARN_BOOL_CONVERSION = YES;
				CLANG_WARN_CONSTANT_CONVERSION = YES;
				CLANG_WARN_DIRECT_OBJC_ISA_USAGE = YES_ERROR;
				CLANG_WARN_EMPTY_BODY = YES;
				CLANG_WARN_ENUM_CONVERSION = YES;
				CLANG_WARN_INT_CONVERSION = YES;
				CLANG_WARN_OBJC_ROOT_CLASS = YES_ERROR;
				CLANG_WARN_UNREACHABLE_CODE = YES;
				CLANG_WARN__DUPLICATE_METHOD_MATCH = YES;
				"CODE_SIGN_IDENTITY[sdk=iphoneos*]" = "iPhone Developer";
				COPY_PHASE_STRIP = NO;
				DEBUG_INFORMATION_FORMAT = "dwarf-with-dsym";
				ENABLE_STRICT_OBJC_MSGSEND = YES;
				GCC_C_LANGUAGE_STANDARD = gnu99;
				GCC_DYNAMIC_NO_PIC = NO;
				GCC_NO_COMMON_BLOCKS = YES;
				GCC_OPTIMIZATION_LEVEL = 0;
				GCC_PREPROCESSOR_DEFINITIONS = (
					"DEBUG=1",
					"$(inherited)",
				);
				GCC_SYMBOLS_PRIVATE_EXTERN = NO;
				GCC_WARN_64_TO_32_BIT_CONVERSION = YES;
				GCC_WARN_ABOUT_RETURN_TYPE = YES_ERROR;
				GCC_WARN_UNDECLARED_SELECTOR = YES;
				GCC_WARN_UNINITIALIZED_AUTOS = YES_AGGRESSIVE;
				GCC_WARN_UNUSED_FUNCTION = YES;
				GCC_WARN_UNUSED_VARIABLE = YES;
				IPHONEOS_DEPLOYMENT_TARGET = 8.3;
				MTL_ENABLE_DEBUG_INFO = YES;
				ONLY_ACTIVE_ARCH = YES;
				SDKROOT = iphoneos;
				TARGETED_DEVICE_FAMILY = "1,2";
			};
			name = Debug;
		};
		0BC7C9B01BE6BE5A00604390 /* Release */ = {
			isa = XCBuildConfiguration;
			buildSettings = {
				ALWAYS_SEARCH_USER_PATHS = NO;
				CLANG_CXX_LANGUAGE_STANDARD = "gnu++0x";
				CLANG_CXX_LIBRARY = "libc++";
				CLANG_ENABLE_MODULES = YES;
				CLANG_ENABLE_OBJC_ARC = YES;
				CLANG_WARN_BOOL_CONVERSION = YES;
				CLANG_WARN_CONSTANT_CONVERSION = YES;
				CLANG_WARN_DIRECT_OBJC_ISA_USAGE = YES_ERROR;
				CLANG_WARN_EMPTY_BODY = YES;
				CLANG_WARN_ENUM_CONVERSION = YES;
				CLANG_WARN_INT_CONVERSION = YES;
				CLANG_WARN_OBJC_ROOT_CLASS = YES_ERROR;
				CLANG_WARN_UNREACHABLE_CODE = YES;
				CLANG_WARN__DUPLICATE_METHOD_MATCH = YES;
				"CODE_SIGN_IDENTITY[sdk=iphoneos*]" = "iPhone Developer";
				COPY_PHASE_STRIP = NO;
				DEBUG_INFORMATION_FORMAT = "dwarf-with-dsym";
				ENABLE_NS_ASSERTIONS = NO;
				ENABLE_STRICT_OBJC_MSGSEND = YES;
				GCC_C_LANGUAGE_STANDARD = gnu99;
				GCC_NO_COMMON_BLOCKS = YES;
				GCC_WARN_64_TO_32_BIT_CONVERSION = YES;
				GCC_WARN_ABOUT_RETURN_TYPE = YES_ERROR;
				GCC_WARN_UNDECLARED_SELECTOR = YES;
				GCC_WARN_UNINITIALIZED_AUTOS = YES_AGGRESSIVE;
				GCC_WARN_UNUSED_FUNCTION = YES;
				GCC_WARN_UNUSED_VARIABLE = YES;
				IPHONEOS_DEPLOYMENT_TARGET = 8.3;
				MTL_ENABLE_DEBUG_INFO = NO;
				SDKROOT = iphoneos;
				TARGETED_DEVICE_FAMILY = "1,2";
				VALIDATE_PRODUCT = YES;
			};
			name = Release;
		};
		0BC7C9B21BE6BE5A00604390 /* Debug */ = {
			isa = XCBuildConfiguration;
			buildSettings = {
				ASSETCATALOG_COMPILER_APPICON_NAME = AppIcon;
				INFOPLIST_FILE = "Practice-GCD/Info.plist";
				LD_RUNPATH_SEARCH_PATHS = "$(inherited) @executable_path/Frameworks";
				PRODUCT_NAME = "$(TARGET_NAME)";
			};
			name = Debug;
		};
		0BC7C9B31BE6BE5A00604390 /* Release */ = {
			isa = XCBuildConfiguration;
			buildSettings = {
				ASSETCATALOG_COMPILER_APPICON_NAME = AppIcon;
				INFOPLIST_FILE = "Practice-GCD/Info.plist";
				LD_RUNPATH_SEARCH_PATHS = "$(inherited) @executable_path/Frameworks";
				PRODUCT_NAME = "$(TARGET_NAME)";
			};
			name = Release;
		};
		0BC7C9B51BE6BE5A00604390 /* Debug */ = {
			isa = XCBuildConfiguration;
			buildSettings = {
				BUNDLE_LOADER = "$(TEST_HOST)";
				FRAMEWORK_SEARCH_PATHS = (
					"$(SDKROOT)/Developer/Library/Frameworks",
					"$(inherited)",
				);
				GCC_PREPROCESSOR_DEFINITIONS = (
					"DEBUG=1",
					"$(inherited)",
				);
				INFOPLIST_FILE = "Practice-GCDTests/Info.plist";
				LD_RUNPATH_SEARCH_PATHS = "$(inherited) @executable_path/Frameworks @loader_path/Frameworks";
				PRODUCT_NAME = "$(TARGET_NAME)";
				TEST_HOST = "$(BUILT_PRODUCTS_DIR)/Practice-GCD.app/Practice-GCD";
			};
			name = Debug;
		};
		0BC7C9B61BE6BE5A00604390 /* Release */ = {
			isa = XCBuildConfiguration;
			buildSettings = {
				BUNDLE_LOADER = "$(TEST_HOST)";
				FRAMEWORK_SEARCH_PATHS = (
					"$(SDKROOT)/Developer/Library/Frameworks",
					"$(inherited)",
				);
				INFOPLIST_FILE = "Practice-GCDTests/Info.plist";
				LD_RUNPATH_SEARCH_PATHS = "$(inherited) @executable_path/Frameworks @loader_path/Frameworks";
				PRODUCT_NAME = "$(TARGET_NAME)";
				TEST_HOST = "$(BUILT_PRODUCTS_DIR)/Practice-GCD.app/Practice-GCD";
			};
			name = Release;
		};
/* End XCBuildConfiguration section */

/* Begin XCConfigurationList section */
		0BC7C9891BE6BE5900604390 /* Build configuration list for PBXProject "Practice-GCD" */ = {
			isa = XCConfigurationList;
			buildConfigurations = (
				0BC7C9AF1BE6BE5A00604390 /* Debug */,
				0BC7C9B01BE6BE5A00604390 /* Release */,
			);
			defaultConfigurationIsVisible = 0;
			defaultConfigurationName = Release;
		};
		0BC7C9B11BE6BE5A00604390 /* Build configuration list for PBXNativeTarget "Practice-GCD" */ = {
			isa = XCConfigurationList;
			buildConfigurations = (
				0BC7C9B21BE6BE5A00604390 /* Debug */,
				0BC7C9B31BE6BE5A00604390 /* Release */,
			);
			defaultConfigurationIsVisible = 0;
		};
		0BC7C9B41BE6BE5A00604390 /* Build configuration list for PBXNativeTarget "Practice-GCDTests" */ = {
			isa = XCConfigurationList;
			buildConfigurations = (
				0BC7C9B51BE6BE5A00604390 /* Debug */,
				0BC7C9B61BE6BE5A00604390 /* Release */,
			);
			defaultConfigurationIsVisible = 0;
		};
/* End XCConfigurationList section */
	};
	rootObject = 0BC7C9861BE6BE5900604390 /* Project object */;
}
